<?xml version="1.0" encoding="UTF-8" standalone="yes" ?>
<CodeBlocks_project_file>
	<FileVersion major="1" minor="6" />
	<Project>
		<Option title="klbclient" />
		<Option pch_mode="2" />
		<Option compiler="gcc" />
		<Option virtualFolders="Command/Parser/;Command/;Command/Function/;Command/Control/;General/;Model/;Model/Base/;General/Libraray/Rpc/;General/Share/;General/Libraray/;General/Libraray/Xml/;" />
		<Build>
			<Target title="Debug">
				<Option output="bin/Debug/klbclient" prefix_auto="1" extension_auto="1" />
				<Option working_dir="bin/Debug/" />
				<Option object_output="obj/Debug/klbclient/" />
				<Option type="1" />
				<Option compiler="gcc" />
				<Compiler>
					<Add option="-g" />
					<Add option="-D__DEBUG__" />
				</Compiler>
			</Target>
			<Target title="Release">
				<Option output="bin/Release/klbclient" prefix_auto="1" extension_auto="1" />
				<Option working_dir="bin/Release" />
				<Option object_output="obj/Release/klbclient/" />
				<Option type="1" />
				<Option compiler="gcc" />
				<Compiler>
					<Add option="-O2" />
					<Add option="-D__RELEASE__" />
					<Add option="-DNDEBUG" />
				</Compiler>
				<Linker>
					<Add option="-s" />
				</Linker>
			</Target>
		</Build>
		<Compiler>
			<Add option="-Wall" />
			<Add option="-fexceptions" />
			<Add option="-Werror" />
			<Add option="-DTIXML_USE_STL" />
			<Add option="-D__CLIENT__" />
		</Compiler>
		<Linker>
			<Add library="readline" />
			<Add library="ncurses" />
		</Linker>
		<ExtraCommands>
			<Add before="./premake" />
		</ExtraCommands>
		<Unit filename="src/client/adsl.cpp">
			<Option virtualFolder="Command/Function/" />
		</Unit>
		<Unit filename="src/client/arp.cpp">
			<Option virtualFolder="Command/Function/" />
		</Unit>
		<Unit filename="src/client/bind.cpp">
			<Option virtualFolder="Command/Function/" />
		</Unit>
		<Unit filename="src/client/blacklist.cpp">
			<Option virtualFolder="Command/Function/" />
		</Unit>
		<Unit filename="src/client/bonding.cpp">
			<Option virtualFolder="Command/Function/" />
		</Unit>
		<Unit filename="src/client/control.cpp">
			<Option virtualFolder="Command/Control/" />
		</Unit>
		<Unit filename="src/client/control.h">
			<Option virtualFolder="Command/Control/" />
		</Unit>
		<Unit filename="src/client/debug.cpp">
			<Option virtualFolder="Command/Function/" />
		</Unit>
		<Unit filename="src/client/ethernet.cpp">
			<Option virtualFolder="Command/Function/" />
		</Unit>
		<Unit filename="src/client/exception.cpp">
			<Option virtualFolder="Command/Control/" />
		</Unit>
		<Unit filename="src/client/exception.h">
			<Option virtualFolder="Command/Control/" />
		</Unit>
		<Unit filename="src/client/ha.cpp">
			<Option virtualFolder="Command/Function/" />
		</Unit>
		<Unit filename="src/client/hvs.cpp">
			<Option virtualFolder="Command/Function/" />
		</Unit>
		<Unit filename="src/client/ipvs.cpp">
			<Option virtualFolder="Command/Function/" />
		</Unit>
		<Unit filename="src/client/isp.cpp">
			<Option virtualFolder="Command/Function/" />
		</Unit>
		<Unit filename="src/client/main.cpp">
			<Option virtualFolder="General/" />
		</Unit>
		<Unit filename="src/client/nat.cpp">
			<Option virtualFolder="Command/Function/" />
		</Unit>
		<Unit filename="src/client/network.cpp">
			<Option virtualFolder="Command/Function/" />
		</Unit>
		<Unit filename="src/client/parser.h">
			<Option virtualFolder="Command/Parser/" />
		</Unit>
		<Unit filename="src/client/parsercontrol.cpp">
			<Option virtualFolder="Command/Parser/" />
		</Unit>
		<Unit filename="src/client/parsergraph.cpp">
			<Option virtualFolder="Command/Parser/" />
		</Unit>
		<Unit filename="src/client/policyroute.cpp">
			<Option virtualFolder="Command/Function/" />
		</Unit>
		<Unit filename="src/client/reader.cpp">
			<Option virtualFolder="Command/Control/" />
		</Unit>
		<Unit filename="src/client/reader.h">
			<Option virtualFolder="Command/Control/" />
		</Unit>
		<Unit filename="src/client/route.cpp">
			<Option virtualFolder="Command/Function/" />
		</Unit>
		<Unit filename="src/client/route.h">
			<Option virtualFolder="Command/Function/" />
		</Unit>
		<Unit filename="src/client/smartroute.cpp">
			<Option virtualFolder="Command/Function/" />
		</Unit>
		<Unit filename="src/client/staticroute.cpp">
			<Option virtualFolder="Command/Function/" />
		</Unit>
		<Unit filename="src/client/system.cpp">
			<Option virtualFolder="Command/Function/" />
		</Unit>
		<Unit filename="src/client/tools.cpp">
			<Option virtualFolder="Command/Function/" />
		</Unit>
		<Unit filename="src/client/tools.h">
			<Option virtualFolder="Command/Function/" />
		</Unit>
		<Unit filename="src/model/adsl.h">
			<Option virtualFolder="Model/" />
		</Unit>
		<Unit filename="src/model/arp.h">
			<Option virtualFolder="Model/" />
		</Unit>
		<Unit filename="src/model/bind.h">
			<Option virtualFolder="Model/" />
		</Unit>
		<Unit filename="src/model/blacklist.h">
			<Option virtualFolder="Model/" />
		</Unit>
		<Unit filename="src/model/exception.h">
			<Option virtualFolder="Model/Base/" />
		</Unit>
		<Unit filename="src/model/hvs.h">
			<Option virtualFolder="Model/" />
		</Unit>
		<Unit filename="src/model/interface.h">
			<Option virtualFolder="Model/" />
		</Unit>
		<Unit filename="src/model/ipvs.h">
			<Option virtualFolder="Model/" />
		</Unit>
		<Unit filename="src/model/isp.h">
			<Option virtualFolder="Model/" />
		</Unit>
		<Unit filename="src/model/model.h">
			<Option virtualFolder="Model/Base/" />
		</Unit>
		<Unit filename="src/model/nat.h">
			<Option virtualFolder="Model/" />
		</Unit>
		<Unit filename="src/model/network.h">
			<Option virtualFolder="Model/" />
		</Unit>
		<Unit filename="src/model/route.h">
			<Option virtualFolder="Model/" />
		</Unit>
		<Unit filename="src/model/system.h">
			<Option virtualFolder="Model/" />
		</Unit>
		<Unit filename="src/model/types.cpp">
			<Option virtualFolder="Model/Base/" />
		</Unit>
		<Unit filename="src/model/types.h">
			<Option virtualFolder="Model/Base/" />
		</Unit>
		<Unit filename="src/rpc/XmlRpc.h">
			<Option virtualFolder="General/Libraray/Rpc/" />
		</Unit>
		<Unit filename="src/rpc/XmlRpcClient.cpp">
			<Option virtualFolder="General/Libraray/Rpc/" />
		</Unit>
		<Unit filename="src/rpc/XmlRpcClient.h">
			<Option virtualFolder="General/Libraray/Rpc/" />
		</Unit>
		<Unit filename="src/rpc/XmlRpcDispatch.cpp">
			<Option virtualFolder="General/Libraray/Rpc/" />
		</Unit>
		<Unit filename="src/rpc/XmlRpcDispatch.h">
			<Option virtualFolder="General/Libraray/Rpc/" />
		</Unit>
		<Unit filename="src/rpc/XmlRpcException.h">
			<Option virtualFolder="General/Libraray/Rpc/" />
		</Unit>
		<Unit filename="src/rpc/XmlRpcServer.cpp">
			<Option virtualFolder="General/Libraray/Rpc/" />
		</Unit>
		<Unit filename="src/rpc/XmlRpcServer.h">
			<Option virtualFolder="General/Libraray/Rpc/" />
		</Unit>
		<Unit filename="src/rpc/XmlRpcServerConnection.cpp">
			<Option virtualFolder="General/Libraray/Rpc/" />
		</Unit>
		<Unit filename="src/rpc/XmlRpcServerConnection.h">
			<Option virtualFolder="General/Libraray/Rpc/" />
		</Unit>
		<Unit filename="src/rpc/XmlRpcServerMethod.cpp">
			<Option virtualFolder="General/Libraray/Rpc/" />
		</Unit>
		<Unit filename="src/rpc/XmlRpcServerMethod.h">
			<Option virtualFolder="General/Libraray/Rpc/" />
		</Unit>
		<Unit filename="src/rpc/XmlRpcSocket.cpp">
			<Option virtualFolder="General/Libraray/Rpc/" />
		</Unit>
		<Unit filename="src/rpc/XmlRpcSocket.h">
			<Option virtualFolder="General/Libraray/Rpc/" />
		</Unit>
		<Unit filename="src/rpc/XmlRpcSource.cpp">
			<Option virtualFolder="General/Libraray/Rpc/" />
		</Unit>
		<Unit filename="src/rpc/XmlRpcSource.h">
			<Option virtualFolder="General/Libraray/Rpc/" />
		</Unit>
		<Unit filename="src/rpc/XmlRpcUtil.cpp">
			<Option virtualFolder="General/Libraray/Rpc/" />
		</Unit>
		<Unit filename="src/rpc/XmlRpcUtil.h">
			<Option virtualFolder="General/Libraray/Rpc/" />
		</Unit>
		<Unit filename="src/rpc/XmlRpcValue.cpp">
			<Option virtualFolder="General/Libraray/Rpc/" />
		</Unit>
		<Unit filename="src/rpc/XmlRpcValue.h">
			<Option virtualFolder="General/Libraray/Rpc/" />
		</Unit>
		<Unit filename="src/rpc/base64.h">
			<Option virtualFolder="General/Libraray/Rpc/" />
		</Unit>
		<Unit filename="src/share/debug.cpp">
			<Option virtualFolder="General/Share/" />
		</Unit>
		<Unit filename="src/share/debug.h">
			<Option virtualFolder="General/Share/" />
		</Unit>
		<Unit filename="src/share/include.h">
			<Option virtualFolder="General/Share/" />
		</Unit>
		<Unit filename="src/share/utility.h">
			<Option virtualFolder="General/Share/" />
		</Unit>
		<Unit filename="src/share/version">
			<Option virtualFolder="General/" />
		</Unit>
		<Unit filename="src/xml/tinystr.cpp">
			<Option virtualFolder="General/Libraray/Xml/" />
		</Unit>
		<Unit filename="src/xml/tinystr.h">
			<Option virtualFolder="General/Libraray/Xml/" />
		</Unit>
		<Unit filename="src/xml/tinyxml.cpp">
			<Option virtualFolder="General/Libraray/Xml/" />
		</Unit>
		<Unit filename="src/xml/tinyxml.h">
			<Option virtualFolder="General/Libraray/Xml/" />
		</Unit>
		<Unit filename="src/xml/tinyxmlerror.cpp">
			<Option virtualFolder="General/Libraray/Xml/" />
		</Unit>
		<Unit filename="src/xml/tinyxmlparser.cpp">
			<Option virtualFolder="General/Libraray/Xml/" />
		</Unit>
		<Extensions>
			<envvars />
			<code_completion />
			<lib_finder disable_auto="1" />
			<debugger />
		</Extensions>
	</Project>
</CodeBlocks_project_file>
